
Microsoft Visual Studio Solution File, Format Version 12.00
# Visual Studio Version 17
VisualStudioVersion = 17.1.32421.90
MinimumVisualStudioVersion = 10.0.40219.1
Project("{FAE04EC0-301F-11D3-BF4B-00C04F79EFBC}") = "mon", "mon\mon.csproj", "{2F794B92-FF28-4456-9135-F9B807CB0E95}"
EndProject
Global
	GlobalSection(SolutionConfigurationPlatforms) = preSolution
		Debug|Any CPU = Debug|Any CPU
		Release|Any CPU = Release|Any CPU
	EndGlobalSection
	GlobalSection(ProjectConfigurationPlatforms) = postSolution
		{2F794B92-FF28-4456-9135-F9B807CB0E95}.Debug|Any CPU.ActiveCfg = Debug|Any CPU
		{2F794B92-FF28-4456-9135-F9B807CB0E95}.Debug|Any CPU.Build.0 = Debug|Any CPU
		{2F794B92-FF28-4456-9135-F9B807CB0E95}.Release|Any CPU.ActiveCfg = Release|Any CPU
		{2F794B92-FF28-4456-9135-F9B807CB0E95}.Release|Any CPU.Build.0 = Release|Any CPU
	EndGlobalSection
	GlobalSection(SolutionProperties) = preSolution
		HideSolutionNode = FALSE
	EndGlobalSection
	GlobalSection(ExtensibilityGlobals) = postSolution
		SolutionGuid = {76FC7BDD-BE83-4A69-8997-FCE8955C75F4}
	EndGlobalSection
EndGlobal
